
Microsoft Visual Studio Solution File, Format Version 12.00
# Visual Studio 15
VisualStudioVersion = 15.0.27004.2010
MinimumVisualStudioVersion = 10.0.40219.1
Project("{FAE04EC0-301F-11D3-BF4B-00C04F79EFBC}") = "program1", "program1\program1.csproj", "{E565EC3E-924F-494D-95D2-F2448E6B86BD}"
EndProject
Project("{FAE04EC0-301F-11D3-BF4B-00C04F79EFBC}") = "program2", "program2\program2.csproj", "{DEA98E81-F8C1-47F8-9224-CA198A9C2600}"
EndProject
Global
	GlobalSection(SolutionConfigurationPlatforms) = preSolution
		Debug|Any CPU = Debug|Any CPU
		Release|Any CPU = Release|Any CPU
	EndGlobalSection
	GlobalSection(ProjectConfigurationPlatforms) = postSolution
		{E565EC3E-924F-494D-95D2-F2448E6B86BD}.Debug|Any CPU.ActiveCfg = Debug|Any CPU
		{E565EC3E-924F-494D-95D2-F2448E6B86BD}.Debug|Any CPU.Build.0 = Debug|Any CPU
		{E565EC3E-924F-494D-95D2-F2448E6B86BD}.Release|Any CPU.ActiveCfg = Release|Any CPU
		{E565EC3E-924F-494D-95D2-F2448E6B86BD}.Release|Any CPU.Build.0 = Release|Any CPU
		{DEA98E81-F8C1-47F8-9224-CA198A9C2600}.Debug|Any CPU.ActiveCfg = Debug|Any CPU
		{DEA98E81-F8C1-47F8-9224-CA198A9C2600}.Debug|Any CPU.Build.0 = Debug|Any CPU
		{DEA98E81-F8C1-47F8-9224-CA198A9C2600}.Release|Any CPU.ActiveCfg = Release|Any CPU
		{DEA98E81-F8C1-47F8-9224-CA198A9C2600}.Release|Any CPU.Build.0 = Release|Any CPU
	EndGlobalSection
	GlobalSection(SolutionProperties) = preSolution
		HideSolutionNode = FALSE
	EndGlobalSection
	GlobalSection(ExtensibilityGlobals) = postSolution
		SolutionGuid = {C4882CB6-9BCC-456D-85D6-B421D7B0E58C}
	EndGlobalSection
EndGlobal
